
Microsoft Visual Studio Solution File, Format Version 12.00
# Visual Studio 2013
VisualStudioVersion = 12.0.30501.0
MinimumVisualStudioVersion = 10.0.40219.1
Project("{FAE04EC0-301F-11D3-BF4B-00C04F79EFBC}") = "NeurologicTest", "NeurologicTest\NeurologicTest.csproj", "{CF5ADF92-D2AD-4046-89A2-85EBF42F6EBD}"
EndProject
Project("{2150E333-8FDC-42A3-9474-1A3956D46DE8}") = ".nuget", ".nuget", "{2071B26F-8092-40DB-A006-AF1932318DBF}"
	ProjectSection(SolutionItems) = preProject
		.nuget\NuGet.Config = .nuget\NuGet.Config
		.nuget\NuGet.exe = .nuget\NuGet.exe
		.nuget\NuGet.targets = .nuget\NuGet.targets
	EndProjectSection
EndProject
Global
	GlobalSection(SolutionConfigurationPlatforms) = preSolution
		Debug|Any CPU = Debug|Any CPU
		Debug|ARM = Debug|ARM
		Debug|x86 = Debug|x86
		Release|Any CPU = Release|Any CPU
		Release|ARM = Release|ARM
		Release|x86 = Release|x86
	EndGlobalSection
	GlobalSection(ProjectConfigurationPlatforms) = postSolution
		{CF5ADF92-D2AD-4046-89A2-85EBF42F6EBD}.Debug|Any CPU.ActiveCfg = Debug|Any CPU
		{CF5ADF92-D2AD-4046-89A2-85EBF42F6EBD}.Debug|Any CPU.Build.0 = Debug|Any CPU
		{CF5ADF92-D2AD-4046-89A2-85EBF42F6EBD}.Debug|Any CPU.Deploy.0 = Debug|Any CPU
		{CF5ADF92-D2AD-4046-89A2-85EBF42F6EBD}.Debug|ARM.ActiveCfg = Debug|ARM
		{CF5ADF92-D2AD-4046-89A2-85EBF42F6EBD}.Debug|ARM.Build.0 = Debug|ARM
		{CF5ADF92-D2AD-4046-89A2-85EBF42F6EBD}.Debug|ARM.Deploy.0 = Debug|ARM
		{CF5ADF92-D2AD-4046-89A2-85EBF42F6EBD}.Debug|x86.ActiveCfg = Debug|x86
		{CF5ADF92-D2AD-4046-89A2-85EBF42F6EBD}.Debug|x86.Build.0 = Debug|x86
		{CF5ADF92-D2AD-4046-89A2-85EBF42F6EBD}.Debug|x86.Deploy.0 = Debug|x86
		{CF5ADF92-D2AD-4046-89A2-85EBF42F6EBD}.Release|Any CPU.ActiveCfg = Release|Any CPU
		{CF5ADF92-D2AD-4046-89A2-85EBF42F6EBD}.Release|Any CPU.Build.0 = Release|Any CPU
		{CF5ADF92-D2AD-4046-89A2-85EBF42F6EBD}.Release|Any CPU.Deploy.0 = Release|Any CPU
		{CF5ADF92-D2AD-4046-89A2-85EBF42F6EBD}.Release|ARM.ActiveCfg = Release|ARM
		{CF5ADF92-D2AD-4046-89A2-85EBF42F6EBD}.Release|ARM.Build.0 = Release|ARM
		{CF5ADF92-D2AD-4046-89A2-85EBF42F6EBD}.Release|ARM.Deploy.0 = Release|ARM
		{CF5ADF92-D2AD-4046-89A2-85EBF42F6EBD}.Release|x86.ActiveCfg = Release|x86
		{CF5ADF92-D2AD-4046-89A2-85EBF42F6EBD}.Release|x86.Build.0 = Release|x86
		{CF5ADF92-D2AD-4046-89A2-85EBF42F6EBD}.Release|x86.Deploy.0 = Release|x86
	EndGlobalSection
	GlobalSection(SolutionProperties) = preSolution
		HideSolutionNode = FALSE
	EndGlobalSection
EndGlobal
